
Microsoft Visual Studio Solution File, Format Version 12.00
# Visual Studio 14
VisualStudioVersion = 14.0.25420.1
MinimumVisualStudioVersion = 10.0.40219.1
Project("{FAE04EC0-301F-11D3-BF4B-00C04F79EFBC}") = "MVCBank", "MVCBank\MVCBank.csproj", "{11441F66-47EF-4D02-82BD-3294A670D80F}"
EndProject
Project("{FAE04EC0-301F-11D3-BF4B-00C04F79EFBC}") = "MVCBank.Tests", "MVCBank.Tests\MVCBank.Tests.csproj", "{53B040F0-ADB2-4648-8AC7-09D1D7DD8788}"
EndProject
Project("{FAE04EC0-301F-11D3-BF4B-00C04F79EFBC}") = "MVCBank.Web.Helpers", "MVCBank.Web.Helpers\MVCBank.Web.Helpers.csproj", "{FB21F84C-8160-4737-B6EB-C35BEB15E114}"
EndProject
Global
	GlobalSection(SolutionConfigurationPlatforms) = preSolution
		Debug|Any CPU = Debug|Any CPU
		Release|Any CPU = Release|Any CPU
	EndGlobalSection
	GlobalSection(ProjectConfigurationPlatforms) = postSolution
		{11441F66-47EF-4D02-82BD-3294A670D80F}.Debug|Any CPU.ActiveCfg = Debug|Any CPU
		{11441F66-47EF-4D02-82BD-3294A670D80F}.Debug|Any CPU.Build.0 = Debug|Any CPU
		{11441F66-47EF-4D02-82BD-3294A670D80F}.Release|Any CPU.ActiveCfg = Release|Any CPU
		{11441F66-47EF-4D02-82BD-3294A670D80F}.Release|Any CPU.Build.0 = Release|Any CPU
		{53B040F0-ADB2-4648-8AC7-09D1D7DD8788}.Debug|Any CPU.ActiveCfg = Debug|Any CPU
		{53B040F0-ADB2-4648-8AC7-09D1D7DD8788}.Debug|Any CPU.Build.0 = Debug|Any CPU
		{53B040F0-ADB2-4648-8AC7-09D1D7DD8788}.Release|Any CPU.ActiveCfg = Release|Any CPU
		{53B040F0-ADB2-4648-8AC7-09D1D7DD8788}.Release|Any CPU.Build.0 = Release|Any CPU
		{FB21F84C-8160-4737-B6EB-C35BEB15E114}.Debug|Any CPU.ActiveCfg = Debug|Any CPU
		{FB21F84C-8160-4737-B6EB-C35BEB15E114}.Debug|Any CPU.Build.0 = Debug|Any CPU
		{FB21F84C-8160-4737-B6EB-C35BEB15E114}.Release|Any CPU.ActiveCfg = Release|Any CPU
		{FB21F84C-8160-4737-B6EB-C35BEB15E114}.Release|Any CPU.Build.0 = Release|Any CPU
	EndGlobalSection
	GlobalSection(SolutionProperties) = preSolution
		HideSolutionNode = FALSE
	EndGlobalSection
EndGlobal
